
Microsoft Visual Studio Solution File, Format Version 12.00
# Visual Studio Version 16
VisualStudioVersion = 16.0.30621.155
MinimumVisualStudioVersion = 10.0.40219.1
Project("{FAE04EC0-301F-11D3-BF4B-00C04F79EFBC}") = "FileUploadWebApp", "FileUploadWebApp\FileUploadWebApp.csproj", "{7F5DDF6C-8EEC-4666-A1CD-FC6586346794}"
EndProject
Global
	GlobalSection(SolutionConfigurationPlatforms) = preSolution
		Debug|Any CPU = Debug|Any CPU
		Release|Any CPU = Release|Any CPU
	EndGlobalSection
	GlobalSection(ProjectConfigurationPlatforms) = postSolution
		{7F5DDF6C-8EEC-4666-A1CD-FC6586346794}.Debug|Any CPU.ActiveCfg = Debug|Any CPU
		{7F5DDF6C-8EEC-4666-A1CD-FC6586346794}.Debug|Any CPU.Build.0 = Debug|Any CPU
		{7F5DDF6C-8EEC-4666-A1CD-FC6586346794}.Release|Any CPU.ActiveCfg = Release|Any CPU
		{7F5DDF6C-8EEC-4666-A1CD-FC6586346794}.Release|Any CPU.Build.0 = Release|Any CPU
	EndGlobalSection
	GlobalSection(SolutionProperties) = preSolution
		HideSolutionNode = FALSE
	EndGlobalSection
	GlobalSection(ExtensibilityGlobals) = postSolution
		SolutionGuid = {EEE52224-CFA6-4287-8B63-D0E68812C956}
	EndGlobalSection
EndGlobal
